
Microsoft Visual Studio Solution File, Format Version 12.00
# Visual Studio Version 17
VisualStudioVersion = 17.13.35825.156 d17.13
MinimumVisualStudioVersion = 10.0.40219.1
Project("{FAE04EC0-301F-11D3-BF4B-00C04F79EFBC}") = "SmartHome", "SmartHome\SmartHome.csproj", "{025159F1-DFF4-4353-B5B0-324091171BF2}"
EndProject
Global
	GlobalSection(SolutionConfigurationPlatforms) = preSolution
		Debug|Any CPU = Debug|Any CPU
		Release|Any CPU = Release|Any CPU
	EndGlobalSection
	GlobalSection(ProjectConfigurationPlatforms) = postSolution
		{025159F1-DFF4-4353-B5B0-324091171BF2}.Debug|Any CPU.ActiveCfg = Debug|Any CPU
		{025159F1-DFF4-4353-B5B0-324091171BF2}.Debug|Any CPU.Build.0 = Debug|Any CPU
		{025159F1-DFF4-4353-B5B0-324091171BF2}.Release|Any CPU.ActiveCfg = Release|Any CPU
		{025159F1-DFF4-4353-B5B0-324091171BF2}.Release|Any CPU.Build.0 = Release|Any CPU
	EndGlobalSection
	GlobalSection(SolutionProperties) = preSolution
		HideSolutionNode = FALSE
	EndGlobalSection
	GlobalSection(ExtensibilityGlobals) = postSolution
		SolutionGuid = {26FB0A5C-DFC3-43F9-9832-46D63CFF073F}
	EndGlobalSection
EndGlobal
